// !$*UTF8*$!
{
	archiveVersion = 1;
	classes = {
	};
	objectVersion = 56;
	objects = {

/* Begin PBXBuildFile section */
		C341FF2929BF5221005A87C1 /* Example4App.swift in Sources */ = {isa = PBXBuildFile; fileRef = C341FF2829BF5221005A87C1 /* Example4App.swift */; };
		C341FF2B29BF5221005A87C1 /* ContentView.swift in Sources */ = {isa = PBXBuildFile; fileRef = C341FF2A29BF5221005A87C1 /* ContentView.swift */; };
		C341FF2D29BF5222005A87C1 /* Assets.xcassets in Resources */ = {isa = PBXBuildFile; fileRef = C341FF2C29BF5222005A87C1 /* Assets.xcassets */; };
		C341FF3029BF5222005A87C1 /* Preview Assets.xcassets in Resources */ = {isa = PBXBuildFile; fileRef = C341FF2F29BF5222005A87C1 /* Preview Assets.xcassets */; };
		C341FF3229BF5222005A87C1 /* Persistence.swift in Sources */ = {isa = PBXBuildFile; fileRef = C341FF3129BF5222005A87C1 /* Persistence.swift */; };
		C341FF3529BF5222005A87C1 /* Example4.xcdatamodeld in Sources */ = {isa = PBXBuildFile; fileRef = C341FF3329BF5222005A87C1 /* Example4.xcdatamodeld */; };
		C341FF3F29BF55F7005A87C1 /* Spu+CoreDataClass.swift in Sources */ = {isa = PBXBuildFile; fileRef = C341FF3B29BF55F7005A87C1 /* Spu+CoreDataClass.swift */; };
		C341FF4029BF55F7005A87C1 /* Spu+CoreDataProperties.swift in Sources */ = {isa = PBXBuildFile; fileRef = C341FF3C29BF55F7005A87C1 /* Spu+CoreDataProperties.swift */; };
		C341FF4129BF55F7005A87C1 /* Sku+CoreDataClass.swift in Sources */ = {isa = PBXBuildFile; fileRef = C341FF3D29BF55F7005A87C1 /* Sku+CoreDataClass.swift */; };
		C341FF4229BF55F7005A87C1 /* Sku+CoreDataProperties.swift in Sources */ = {isa = PBXBuildFile; fileRef = C341FF3E29BF55F7005A87C1 /* Sku+CoreDataProperties.swift */; };
		C341FF4429BF56E0005A87C1 /* SkuDetailView.swift in Sources */ = {isa = PBXBuildFile; fileRef = C341FF4329BF56E0005A87C1 /* SkuDetailView.swift */; };
		C341FF4629BF5719005A87C1 /* SpuDetail.swift in Sources */ = {isa = PBXBuildFile; fileRef = C341FF4529BF5719005A87C1 /* SpuDetail.swift */; };
		C341FF4A29C09858005A87C1 /* SizeExample.swift in Sources */ = {isa = PBXBuildFile; fileRef = C341FF4929C09858005A87C1 /* SizeExample.swift */; };
		C341FF4D29C09B3B005A87C1 /* Flow in Frameworks */ = {isa = PBXBuildFile; productRef = C341FF4C29C09B3B005A87C1 /* Flow */; };
		C341FF4F29C0A544005A87C1 /* ColorExample.swift in Sources */ = {isa = PBXBuildFile; fileRef = C341FF4E29C0A544005A87C1 /* ColorExample.swift */; };
/* End PBXBuildFile section */

/* Begin PBXFileReference section */
		C341FF2529BF5221005A87C1 /* Example4.app */ = {isa = PBXFileReference; explicitFileType = wrapper.application; includeInIndex = 0; path = Example4.app; sourceTree = BUILT_PRODUCTS_DIR; };
		C341FF2829BF5221005A87C1 /* Example4App.swift */ = {isa = PBXFileReference; lastKnownFileType = sourcecode.swift; path = Example4App.swift; sourceTree = "<group>"; };
		C341FF2A29BF5221005A87C1 /* ContentView.swift */ = {isa = PBXFileReference; lastKnownFileType = sourcecode.swift; path = ContentView.swift; sourceTree = "<group>"; };
		C341FF2C29BF5222005A87C1 /* Assets.xcassets */ = {isa = PBXFileReference; lastKnownFileType = folder.assetcatalog; path = Assets.xcassets; sourceTree = "<group>"; };
		C341FF2F29BF5222005A87C1 /* Preview Assets.xcassets */ = {isa = PBXFileReference; lastKnownFileType = folder.assetcatalog; path = "Preview Assets.xcassets"; sourceTree = "<group>"; };
		C341FF3129BF5222005A87C1 /* Persistence.swift */ = {isa = PBXFileReference; lastKnownFileType = sourcecode.swift; path = Persistence.swift; sourceTree = "<group>"; };
		C341FF3429BF5222005A87C1 /* Example4.xcdatamodel */ = {isa = PBXFileReference; lastKnownFileType = wrapper.xcdatamodel; path = Example4.xcdatamodel; sourceTree = "<group>"; };
		C341FF3B29BF55F7005A87C1 /* Spu+CoreDataClass.swift */ = {isa = PBXFileReference; lastKnownFileType = sourcecode.swift; path = "Spu+CoreDataClass.swift"; sourceTree = SOURCE_ROOT; };
		C341FF3C29BF55F7005A87C1 /* Spu+CoreDataProperties.swift */ = {isa = PBXFileReference; lastKnownFileType = sourcecode.swift; path = "Spu+CoreDataProperties.swift"; sourceTree = SOURCE_ROOT; };
		C341FF3D29BF55F7005A87C1 /* Sku+CoreDataClass.swift */ = {isa = PBXFileReference; lastKnownFileType = sourcecode.swift; path = "Sku+CoreDataClass.swift"; sourceTree = SOURCE_ROOT; };
		C341FF3E29BF55F7005A87C1 /* Sku+CoreDataProperties.swift */ = {isa = PBXFileReference; lastKnownFileType = sourcecode.swift; path = "Sku+CoreDataProperties.swift"; sourceTree = SOURCE_ROOT; };
		C341FF4329BF56E0005A87C1 /* SkuDetailView.swift */ = {isa = PBXFileReference; lastKnownFileType = sourcecode.swift; path = SkuDetailView.swift; sourceTree = "<group>"; };
		C341FF4529BF5719005A87C1 /* SpuDetail.swift */ = {isa = PBXFileReference; lastKnownFileType = sourcecode.swift; path = SpuDetail.swift; sourceTree = "<group>"; };
		C341FF4929C09858005A87C1 /* SizeExample.swift */ = {isa = PBXFileReference; lastKnownFileType = sourcecode.swift; path = SizeExample.swift; sourceTree = "<group>"; };
		C341FF4E29C0A544005A87C1 /* ColorExample.swift */ = {isa = PBXFileReference; lastKnownFileType = sourcecode.swift; path = ColorExample.swift; sourceTree = "<group>"; };
/* End PBXFileReference section */

/* Begin PBXFrameworksBuildPhase section */
		C341FF2229BF5221005A87C1 /* Frameworks */ = {
			isa = PBXFrameworksBuildPhase;
			buildActionMask = 2147483647;
			files = (
				C341FF4D29C09B3B005A87C1 /* Flow in Frameworks */,
			);
			runOnlyForDeploymentPostprocessing = 0;
		};
/* End PBXFrameworksBuildPhase section */

/* Begin PBXGroup section */
		C341FF1C29BF5221005A87C1 = {
			isa = PBXGroup;
			children = (
				C341FF2729BF5221005A87C1 /* Example4 */,
				C341FF2629BF5221005A87C1 /* Products */,
			);
			sourceTree = "<group>";
		};
		C341FF2629BF5221005A87C1 /* Products */ = {
			isa = PBXGroup;
			children = (
				C341FF2529BF5221005A87C1 /* Example4.app */,
			);
			name = Products;
			sourceTree = "<group>";
		};
		C341FF2729BF5221005A87C1 /* Example4 */ = {
			isa = PBXGroup;
			children = (
				C341FF3B29BF55F7005A87C1 /* Spu+CoreDataClass.swift */,
				C341FF3C29BF55F7005A87C1 /* Spu+CoreDataProperties.swift */,
				C341FF3D29BF55F7005A87C1 /* Sku+CoreDataClass.swift */,
				C341FF3E29BF55F7005A87C1 /* Sku+CoreDataProperties.swift */,
				C341FF4329BF56E0005A87C1 /* SkuDetailView.swift */,
				C341FF5029C0A603005A87C1 /* Selection */,
				C341FF4529BF5719005A87C1 /* SpuDetail.swift */,
				C341FF2829BF5221005A87C1 /* Example4App.swift */,
				C341FF2A29BF5221005A87C1 /* ContentView.swift */,
				C341FF2C29BF5222005A87C1 /* Assets.xcassets */,
				C341FF3129BF5222005A87C1 /* Persistence.swift */,
				C341FF3329BF5222005A87C1 /* Example4.xcdatamodeld */,
				C341FF2E29BF5222005A87C1 /* Preview Content */,
			);
			path = Example4;
			sourceTree = "<group>";
		};
		C341FF2E29BF5222005A87C1 /* Preview Content */ = {
			isa = PBXGroup;
			children = (
				C341FF2F29BF5222005A87C1 /* Preview Assets.xcassets */,
			);
			path = "Preview Content";
			sourceTree = "<group>";
		};
		C341FF5029C0A603005A87C1 /* Selection */ = {
			isa = PBXGroup;
			children = (
				C341FF4929C09858005A87C1 /* SizeExample.swift */,
				C341FF4E29C0A544005A87C1 /* ColorExample.swift */,
			);
			path = Selection;
			sourceTree = "<group>";
		};
/* End PBXGroup section */

/* Begin PBXNativeTarget section */
		C341FF2429BF5221005A87C1 /* Example4 */ = {
			isa = PBXNativeTarget;
			buildConfigurationList = C341FF3829BF5222005A87C1 /* Build configuration list for PBXNativeTarget "Example4" */;
			buildPhases = (
				C341FF2129BF5221005A87C1 /* Sources */,
				C341FF2229BF5221005A87C1 /* Frameworks */,
				C341FF2329BF5221005A87C1 /* Resources */,
			);
			buildRules = (
			);
			dependencies = (
			);
			name = Example4;
			packageProductDependencies = (
				C341FF4C29C09B3B005A87C1 /* Flow */,
			);
			productName = Example4;
			productReference = C341FF2529BF5221005A87C1 /* Example4.app */;
			productType = "com.apple.product-type.application";
		};
/* End PBXNativeTarget section */

/* Begin PBXProject section */
		C341FF1D29BF5221005A87C1 /* Project object */ = {
			isa = PBXProject;
			attributes = {
				BuildIndependentTargetsInParallel = 1;
				LastSwiftUpdateCheck = 1430;
				LastUpgradeCheck = 1430;
				TargetAttributes = {
					C341FF2429BF5221005A87C1 = {
						CreatedOnToolsVersion = 14.3;
					};
				};
			};
			buildConfigurationList = C341FF2029BF5221005A87C1 /* Build configuration list for PBXProject "Example4" */;
			compatibilityVersion = "Xcode 14.0";
			developmentRegion = en;
			hasScannedForEncodings = 0;
			knownRegions = (
				en,
				Base,
			);
			mainGroup = C341FF1C29BF5221005A87C1;
			packageReferences = (
				C341FF4B29C09B3B005A87C1 /* XCRemoteSwiftPackageReference "SwiftUI-Flow" */,
			);
			productRefGroup = C341FF2629BF5221005A87C1 /* Products */;
			projectDirPath = "";
			projectRoot = "";
			targets = (
				C341FF2429BF5221005A87C1 /* Example4 */,
			);
		};
/* End PBXProject section */

/* Begin PBXResourcesBuildPhase section */
		C341FF2329BF5221005A87C1 /* Resources */ = {
			isa = PBXResourcesBuildPhase;
			buildActionMask = 2147483647;
			files = (
				C341FF3029BF5222005A87C1 /* Preview Assets.xcassets in Resources */,
				C341FF2D29BF5222005A87C1 /* Assets.xcassets in Resources */,
			);
			runOnlyForDeploymentPostprocessing = 0;
		};
/* End PBXResourcesBuildPhase section */

/* Begin PBXSourcesBuildPhase section */
		C341FF2129BF5221005A87C1 /* Sources */ = {
			isa = PBXSourcesBuildPhase;
			buildActionMask = 2147483647;
			files = (
				C341FF4029BF55F7005A87C1 /* Spu+CoreDataProperties.swift in Sources */,
				C341FF4629BF5719005A87C1 /* SpuDetail.swift in Sources */,
				C341FF3229BF5222005A87C1 /* Persistence.swift in Sources */,
				C341FF4129BF55F7005A87C1 /* Sku+CoreDataClass.swift in Sources */,
				C341FF4F29C0A544005A87C1 /* ColorExample.swift in Sources */,
				C341FF4A29C09858005A87C1 /* SizeExample.swift in Sources */,
				C341FF3F29BF55F7005A87C1 /* Spu+CoreDataClass.swift in Sources */,
				C341FF3529BF5222005A87C1 /* Example4.xcdatamodeld in Sources */,
				C341FF4429BF56E0005A87C1 /* SkuDetailView.swift in Sources */,
				C341FF4229BF55F7005A87C1 /* Sku+CoreDataProperties.swift in Sources */,
				C341FF2B29BF5221005A87C1 /* ContentView.swift in Sources */,
				C341FF2929BF5221005A87C1 /* Example4App.swift in Sources */,
			);
			runOnlyForDeploymentPostprocessing = 0;
		};
/* End PBXSourcesBuildPhase section */

/* Begin XCBuildConfiguration section */
		C341FF3629BF5222005A87C1 /* Debug */ = {
			isa = XCBuildConfiguration;
			buildSettings = {
				ALWAYS_SEARCH_USER_PATHS = NO;
				CLANG_ANALYZER_NONNULL = YES;
				CLANG_ANALYZER_NUMBER_OBJECT_CONVERSION = YES_AGGRESSIVE;
				CLANG_CXX_LANGUAGE_STANDARD = "gnu++20";
				CLANG_ENABLE_MODULES = YES;
				CLANG_ENABLE_OBJC_ARC = YES;
				CLANG_ENABLE_OBJC_WEAK = YES;
				CLANG_WARN_BLOCK_CAPTURE_AUTORELEASING = YES;
				CLANG_WARN_BOOL_CONVERSION = YES;
				CLANG_WARN_COMMA = YES;
				CLANG_WARN_CONSTANT_CONVERSION = YES;
				CLANG_WARN_DEPRECATED_OBJC_IMPLEMENTATIONS = YES;
				CLANG_WARN_DIRECT_OBJC_ISA_USAGE = YES_ERROR;
				CLANG_WARN_DOCUMENTATION_COMMENTS = YES;
				CLANG_WARN_EMPTY_BODY = YES;
				CLANG_WARN_ENUM_CONVERSION = YES;
				CLANG_WARN_INFINITE_RECURSION = YES;
				CLANG_WARN_INT_CONVERSION = YES;
				CLANG_WARN_NON_LITERAL_NULL_CONVERSION = YES;
				CLANG_WARN_OBJC_IMPLICIT_RETAIN_SELF = YES;
				CLANG_WARN_OBJC_LITERAL_CONVERSION = YES;
				CLANG_WARN_OBJC_ROOT_CLASS = YES_ERROR;
				CLANG_WARN_QUOTED_INCLUDE_IN_FRAMEWORK_HEADER = YES;
				CLANG_WARN_RANGE_LOOP_ANALYSIS = YES;
				CLANG_WARN_STRICT_PROTOTYPES = YES;
				CLANG_WARN_SUSPICIOUS_MOVE = YES;
				CLANG_WARN_UNGUARDED_AVAILABILITY = YES_AGGRESSIVE;
				CLANG_WARN_UNREACHABLE_CODE = YES;
				CLANG_WARN__DUPLICATE_METHOD_MATCH = YES;
				COPY_PHASE_STRIP = NO;
				DEBUG_INFORMATION_FORMAT = dwarf;
				ENABLE_STRICT_OBJC_MSGSEND = YES;
				ENABLE_TESTABILITY = YES;
				GCC_C_LANGUAGE_STANDARD = gnu11;
				GCC_DYNAMIC_NO_PIC = NO;
				GCC_NO_COMMON_BLOCKS = YES;
				GCC_OPTIMIZATION_LEVEL = 0;
				GCC_PREPROCESSOR_DEFINITIONS = (
					"DEBUG=1",
					"$(inherited)",
				);
				GCC_WARN_64_TO_32_BIT_CONVERSION = YES;
				GCC_WARN_ABOUT_RETURN_TYPE = YES_ERROR;
				GCC_WARN_UNDECLARED_SELECTOR = YES;
				GCC_WARN_UNINITIALIZED_AUTOS = YES_AGGRESSIVE;
				GCC_WARN_UNUSED_FUNCTION = YES;
				GCC_WARN_UNUSED_VARIABLE = YES;
				IPHONEOS_DEPLOYMENT_TARGET = 16.4;
				MTL_ENABLE_DEBUG_INFO = INCLUDE_SOURCE;
				MTL_FAST_MATH = YES;
				ONLY_ACTIVE_ARCH = YES;
				SDKROOT = iphoneos;
				SWIFT_ACTIVE_COMPILATION_CONDITIONS = DEBUG;
				SWIFT_OPTIMIZATION_LEVEL = "-Onone";
			};
			name = Debug;
		};
		C341FF3729BF5222005A87C1 /* Release */ = {
			isa = XCBuildConfiguration;
			buildSettings = {
				ALWAYS_SEARCH_USER_PATHS = NO;
				CLANG_ANALYZER_NONNULL = YES;
				CLANG_ANALYZER_NUMBER_OBJECT_CONVERSION = YES_AGGRESSIVE;
				CLANG_CXX_LANGUAGE_STANDARD = "gnu++20";
				CLANG_ENABLE_MODULES = YES;
				CLANG_ENABLE_OBJC_ARC = YES;
				CLANG_ENABLE_OBJC_WEAK = YES;
				CLANG_WARN_BLOCK_CAPTURE_AUTORELEASING = YES;
				CLANG_WARN_BOOL_CONVERSION = YES;
				CLANG_WARN_COMMA = YES;
				CLANG_WARN_CONSTANT_CONVERSION = YES;
				CLANG_WARN_DEPRECATED_OBJC_IMPLEMENTATIONS = YES;
				CLANG_WARN_DIRECT_OBJC_ISA_USAGE = YES_ERROR;
				CLANG_WARN_DOCUMENTATION_COMMENTS = YES;
				CLANG_WARN_EMPTY_BODY = YES;
				CLANG_WARN_ENUM_CONVERSION = YES;
				CLANG_WARN_INFINITE_RECURSION = YES;
				CLANG_WARN_INT_CONVERSION = YES;
				CLANG_WARN_NON_LITERAL_NULL_CONVERSION = YES;
				CLANG_WARN_OBJC_IMPLICIT_RETAIN_SELF = YES;
				CLANG_WARN_OBJC_LITERAL_CONVERSION = YES;
				CLANG_WARN_OBJC_ROOT_CLASS = YES_ERROR;
				CLANG_WARN_QUOTED_INCLUDE_IN_FRAMEWORK_HEADER = YES;
				CLANG_WARN_RANGE_LOOP_ANALYSIS = YES;
				CLANG_WARN_STRICT_PROTOTYPES = YES;
				CLANG_WARN_SUSPICIOUS_MOVE = YES;
				CLANG_WARN_UNGUARDED_AVAILABILITY = YES_AGGRESSIVE;
				CLANG_WARN_UNREACHABLE_CODE = YES;
				CLANG_WARN__DUPLICATE_METHOD_MATCH = YES;
				COPY_PHASE_STRIP = NO;
				DEBUG_INFORMATION_FORMAT = "dwarf-with-dsym";
				ENABLE_NS_ASSERTIONS = NO;
				ENABLE_STRICT_OBJC_MSGSEND = YES;
				GCC_C_LANGUAGE_STANDARD = gnu11;
				GCC_NO_COMMON_BLOCKS = YES;
				GCC_WARN_64_TO_32_BIT_CONVERSION = YES;
				GCC_WARN_ABOUT_RETURN_TYPE = YES_ERROR;
				GCC_WARN_UNDECLARED_SELECTOR = YES;
				GCC_WARN_UNINITIALIZED_AUTOS = YES_AGGRESSIVE;
				GCC_WARN_UNUSED_FUNCTION = YES;
				GCC_WARN_UNUSED_VARIABLE = YES;
				IPHONEOS_DEPLOYMENT_TARGET = 16.4;
				MTL_ENABLE_DEBUG_INFO = NO;
				MTL_FAST_MATH = YES;
				SDKROOT = iphoneos;
				SWIFT_COMPILATION_MODE = wholemodule;
				SWIFT_OPTIMIZATION_LEVEL = "-O";
				VALIDATE_PRODUCT = YES;
			};
			name = Release;
		};
		C341FF3929BF5222005A87C1 /* Debug */ = {
			isa = XCBuildConfiguration;
			buildSettings = {
				ASSETCATALOG_COMPILER_APPICON_NAME = AppIcon;
				ASSETCATALOG_COMPILER_GLOBAL_ACCENT_COLOR_NAME = AccentColor;
				CODE_SIGN_STYLE = Automatic;
				CURRENT_PROJECT_VERSION = 1;
				DEVELOPMENT_ASSET_PATHS = "\"Example4/Preview Content\"";
				DEVELOPMENT_TEAM = ZD8RCDB2Y6;
				ENABLE_PREVIEWS = YES;
				GENERATE_INFOPLIST_FILE = YES;
				INFOPLIST_KEY_UIApplicationSceneManifest_Generation = YES;
				INFOPLIST_KEY_UIApplicationSupportsIndirectInputEvents = YES;
				INFOPLIST_KEY_UILaunchScreen_Generation = YES;
				INFOPLIST_KEY_UISupportedInterfaceOrientations_iPad = "UIInterfaceOrientationPortrait UIInterfaceOrientationPortraitUpsideDown UIInterfaceOrientationLandscapeLeft UIInterfaceOrientationLandscapeRight";
				INFOPLIST_KEY_UISupportedInterfaceOrientations_iPhone = "UIInterfaceOrientationPortrait UIInterfaceOrientationLandscapeLeft UIInterfaceOrientationLandscapeRight";
				LD_RUNPATH_SEARCH_PATHS = (
					"$(inherited)",
					"@executable_path/Frameworks",
				);
				MARKETING_VERSION = 1.0;
				PRODUCT_BUNDLE_IDENTIFIER = nengqixia.com.Example4;
				PRODUCT_NAME = "$(TARGET_NAME)";
				SWIFT_EMIT_LOC_STRINGS = YES;
				SWIFT_VERSION = 5.0;
				TARGETED_DEVICE_FAMILY = "1,2";
			};
			name = Debug;
		};
		C341FF3A29BF5222005A87C1 /* Release */ = {
			isa = XCBuildConfiguration;
			buildSettings = {
				ASSETCATALOG_COMPILER_APPICON_NAME = AppIcon;
				ASSETCATALOG_COMPILER_GLOBAL_ACCENT_COLOR_NAME = AccentColor;
				CODE_SIGN_STYLE = Automatic;
				CURRENT_PROJECT_VERSION = 1;
				DEVELOPMENT_ASSET_PATHS = "\"Example4/Preview Content\"";
				DEVELOPMENT_TEAM = ZD8RCDB2Y6;
				ENABLE_PREVIEWS = YES;
				GENERATE_INFOPLIST_FILE = YES;
				INFOPLIST_KEY_UIApplicationSceneManifest_Generation = YES;
				INFOPLIST_KEY_UIApplicationSupportsIndirectInputEvents = YES;
				INFOPLIST_KEY_UILaunchScreen_Generation = YES;
				INFOPLIST_KEY_UISupportedInterfaceOrientations_iPad = "UIInterfaceOrientationPortrait UIInterfaceOrientationPortraitUpsideDown UIInterfaceOrientationLandscapeLeft UIInterfaceOrientationLandscapeRight";
				INFOPLIST_KEY_UISupportedInterfaceOrientations_iPhone = "UIInterfaceOrientationPortrait UIInterfaceOrientationLandscapeLeft UIInterfaceOrientationLandscapeRight";
				LD_RUNPATH_SEARCH_PATHS = (
					"$(inherited)",
					"@executable_path/Frameworks",
				);
				MARKETING_VERSION = 1.0;
				PRODUCT_BUNDLE_IDENTIFIER = nengqixia.com.Example4;
				PRODUCT_NAME = "$(TARGET_NAME)";
				SWIFT_EMIT_LOC_STRINGS = YES;
				SWIFT_VERSION = 5.0;
				TARGETED_DEVICE_FAMILY = "1,2";
			};
			name = Release;
		};
/* End XCBuildConfiguration section */

/* Begin XCConfigurationList section */
		C341FF2029BF5221005A87C1 /* Build configuration list for PBXProject "Example4" */ = {
			isa = XCConfigurationList;
			buildConfigurations = (
				C341FF3629BF5222005A87C1 /* Debug */,
				C341FF3729BF5222005A87C1 /* Release */,
			);
			defaultConfigurationIsVisible = 0;
			defaultConfigurationName = Release;
		};
		C341FF3829BF5222005A87C1 /* Build configuration list for PBXNativeTarget "Example4" */ = {
			isa = XCConfigurationList;
			buildConfigurations = (
				C341FF3929BF5222005A87C1 /* Debug */,
				C341FF3A29BF5222005A87C1 /* Release */,
			);
			defaultConfigurationIsVisible = 0;
			defaultConfigurationName = Release;
		};
/* End XCConfigurationList section */

/* Begin XCRemoteSwiftPackageReference section */
		C341FF4B29C09B3B005A87C1 /* XCRemoteSwiftPackageReference "SwiftUI-Flow" */ = {
			isa = XCRemoteSwiftPackageReference;
			repositoryURL = "https://github.com/tevelee/SwiftUI-Flow.git";
			requirement = {
				kind = upToNextMajorVersion;
				minimumVersion = 1.0.0;
			};
		};
/* End XCRemoteSwiftPackageReference section */

/* Begin XCSwiftPackageProductDependency section */
		C341FF4C29C09B3B005A87C1 /* Flow */ = {
			isa = XCSwiftPackageProductDependency;
			package = C341FF4B29C09B3B005A87C1 /* XCRemoteSwiftPackageReference "SwiftUI-Flow" */;
			productName = Flow;
		};
/* End XCSwiftPackageProductDependency section */

/* Begin XCVersionGroup section */
		C341FF3329BF5222005A87C1 /* Example4.xcdatamodeld */ = {
			isa = XCVersionGroup;
			children = (
				C341FF3429BF5222005A87C1 /* Example4.xcdatamodel */,
			);
			currentVersion = C341FF3429BF5222005A87C1 /* Example4.xcdatamodel */;
			path = Example4.xcdatamodeld;
			sourceTree = "<group>";
			versionGroupType = wrapper.xcdatamodel;
		};
/* End XCVersionGroup section */
	};
	rootObject = C341FF1D29BF5221005A87C1 /* Project object */;
}
